
Microsoft Visual Studio Solution File, Format Version 12.00
# Visual Studio Version 17
VisualStudioVersion = 17.14.36623.8
MinimumVisualStudioVersion = 10.0.40219.1
Project("{FAE04EC0-301F-11D3-BF4B-00C04F79EFBC}") = "CapstoneMealPass.Desktop", "CapstoneMealPass\CapstoneMealPass.Desktop.csproj", "{5C3CBCF5-EB99-4745-80FB-BC12B30814D1}"
EndProject
Project("{FAE04EC0-301F-11D3-BF4B-00C04F79EFBC}") = "MealPass.API", "MealPass.API\MealPass.API.csproj", "{465E8AA2-C758-430A-A36D-4FF2EC2F568D}"
EndProject
Project("{FAE04EC0-301F-11D3-BF4B-00C04F79EFBC}") = "MealPass.Web", "MealPass.Web\MealPass.Web.csproj", "{118A4398-C5F8-4431-96A0-44E10E588DF6}"
EndProject
Project("{FAE04EC0-301F-11D3-BF4B-00C04F79EFBC}") = "MealPass.Core", "MealPass.Core\MealPass.Core.csproj", "{A1F8C4C0-AFA9-4F3E-B97B-2EC7D324115A}"
EndProject
Project("{FAE04EC0-301F-11D3-BF4B-00C04F79EFBC}") = "MealPass.Data", "MealPass.Data\MealPass.Data.csproj", "{3F6DCB82-0863-4405-AB56-359900C937C4}"
EndProject
Project("{FAE04EC0-301F-11D3-BF4B-00C04F79EFBC}") = "MealPass.Business", "MealPass.Business\MealPass.Business.csproj", "{30FFFF7F-3FBB-4923-818B-8AFCE4EC5B87}"
EndProject
Project("{FAE04EC0-301F-11D3-BF4B-00C04F79EFBC}") = "MealPass.Shared", "MealPass.Shared\MealPass.Shared.csproj", "{A46B1E3F-F67A-4CBD-8A8D-11DC1A67C424}"
EndProject
Global
	GlobalSection(SolutionConfigurationPlatforms) = preSolution
		Debug|Any CPU = Debug|Any CPU
		Debug|x86 = Debug|x86
		Release|Any CPU = Release|Any CPU
		Release|x86 = Release|x86
	EndGlobalSection
	GlobalSection(ProjectConfigurationPlatforms) = postSolution
		{5C3CBCF5-EB99-4745-80FB-BC12B30814D1}.Debug|Any CPU.ActiveCfg = Debug|x86
		{5C3CBCF5-EB99-4745-80FB-BC12B30814D1}.Debug|Any CPU.Build.0 = Debug|x86
		{5C3CBCF5-EB99-4745-80FB-BC12B30814D1}.Debug|x86.ActiveCfg = Debug|x86
		{5C3CBCF5-EB99-4745-80FB-BC12B30814D1}.Debug|x86.Build.0 = Debug|x86
		{5C3CBCF5-EB99-4745-80FB-BC12B30814D1}.Release|Any CPU.ActiveCfg = Release|Any CPU
		{5C3CBCF5-EB99-4745-80FB-BC12B30814D1}.Release|Any CPU.Build.0 = Release|Any CPU
		{5C3CBCF5-EB99-4745-80FB-BC12B30814D1}.Release|x86.ActiveCfg = Release|x86
		{5C3CBCF5-EB99-4745-80FB-BC12B30814D1}.Release|x86.Build.0 = Release|x86
		{465E8AA2-C758-430A-A36D-4FF2EC2F568D}.Debug|Any CPU.ActiveCfg = Debug|Any CPU
		{465E8AA2-C758-430A-A36D-4FF2EC2F568D}.Debug|Any CPU.Build.0 = Debug|Any CPU
		{465E8AA2-C758-430A-A36D-4FF2EC2F568D}.Debug|x86.ActiveCfg = Debug|x86
		{465E8AA2-C758-430A-A36D-4FF2EC2F568D}.Debug|x86.Build.0 = Debug|x86
		{465E8AA2-C758-430A-A36D-4FF2EC2F568D}.Release|Any CPU.ActiveCfg = Release|Any CPU
		{465E8AA2-C758-430A-A36D-4FF2EC2F568D}.Release|Any CPU.Build.0 = Release|Any CPU
		{465E8AA2-C758-430A-A36D-4FF2EC2F568D}.Release|x86.ActiveCfg = Release|x86
		{465E8AA2-C758-430A-A36D-4FF2EC2F568D}.Release|x86.Build.0 = Release|x86
		{118A4398-C5F8-4431-96A0-44E10E588DF6}.Debug|Any CPU.ActiveCfg = Debug|Any CPU
		{118A4398-C5F8-4431-96A0-44E10E588DF6}.Debug|Any CPU.Build.0 = Debug|Any CPU
		{118A4398-C5F8-4431-96A0-44E10E588DF6}.Debug|x86.ActiveCfg = Debug|x86
		{118A4398-C5F8-4431-96A0-44E10E588DF6}.Debug|x86.Build.0 = Debug|x86
		{118A4398-C5F8-4431-96A0-44E10E588DF6}.Release|Any CPU.ActiveCfg = Release|Any CPU
		{118A4398-C5F8-4431-96A0-44E10E588DF6}.Release|Any CPU.Build.0 = Release|Any CPU
		{118A4398-C5F8-4431-96A0-44E10E588DF6}.Release|x86.ActiveCfg = Release|x86
		{118A4398-C5F8-4431-96A0-44E10E588DF6}.Release|x86.Build.0 = Release|x86
		{A1F8C4C0-AFA9-4F3E-B97B-2EC7D324115A}.Debug|Any CPU.ActiveCfg = Debug|x86
		{A1F8C4C0-AFA9-4F3E-B97B-2EC7D324115A}.Debug|Any CPU.Build.0 = Debug|x86
		{A1F8C4C0-AFA9-4F3E-B97B-2EC7D324115A}.Debug|x86.ActiveCfg = Debug|x86
		{A1F8C4C0-AFA9-4F3E-B97B-2EC7D324115A}.Debug|x86.Build.0 = Debug|x86
		{A1F8C4C0-AFA9-4F3E-B97B-2EC7D324115A}.Release|Any CPU.ActiveCfg = Release|Any CPU
		{A1F8C4C0-AFA9-4F3E-B97B-2EC7D324115A}.Release|Any CPU.Build.0 = Release|Any CPU
		{A1F8C4C0-AFA9-4F3E-B97B-2EC7D324115A}.Release|x86.ActiveCfg = Release|Any CPU
		{A1F8C4C0-AFA9-4F3E-B97B-2EC7D324115A}.Release|x86.Build.0 = Release|Any CPU
		{3F6DCB82-0863-4405-AB56-359900C937C4}.Debug|Any CPU.ActiveCfg = Debug|x86
		{3F6DCB82-0863-4405-AB56-359900C937C4}.Debug|Any CPU.Build.0 = Debug|x86
		{3F6DCB82-0863-4405-AB56-359900C937C4}.Debug|x86.ActiveCfg = Debug|x86
		{3F6DCB82-0863-4405-AB56-359900C937C4}.Debug|x86.Build.0 = Debug|x86
		{3F6DCB82-0863-4405-AB56-359900C937C4}.Release|Any CPU.ActiveCfg = Release|Any CPU
		{3F6DCB82-0863-4405-AB56-359900C937C4}.Release|Any CPU.Build.0 = Release|Any CPU
		{3F6DCB82-0863-4405-AB56-359900C937C4}.Release|x86.ActiveCfg = Release|Any CPU
		{3F6DCB82-0863-4405-AB56-359900C937C4}.Release|x86.Build.0 = Release|Any CPU
		{30FFFF7F-3FBB-4923-818B-8AFCE4EC5B87}.Debug|Any CPU.ActiveCfg = Debug|x86
		{30FFFF7F-3FBB-4923-818B-8AFCE4EC5B87}.Debug|Any CPU.Build.0 = Debug|x86
		{30FFFF7F-3FBB-4923-818B-8AFCE4EC5B87}.Debug|x86.ActiveCfg = Debug|x86
		{30FFFF7F-3FBB-4923-818B-8AFCE4EC5B87}.Debug|x86.Build.0 = Debug|x86
		{30FFFF7F-3FBB-4923-818B-8AFCE4EC5B87}.Release|Any CPU.ActiveCfg = Release|Any CPU
		{30FFFF7F-3FBB-4923-818B-8AFCE4EC5B87}.Release|Any CPU.Build.0 = Release|Any CPU
		{30FFFF7F-3FBB-4923-818B-8AFCE4EC5B87}.Release|x86.ActiveCfg = Release|Any CPU
		{30FFFF7F-3FBB-4923-818B-8AFCE4EC5B87}.Release|x86.Build.0 = Release|Any CPU
		{A46B1E3F-F67A-4CBD-8A8D-11DC1A67C424}.Debug|Any CPU.ActiveCfg = Debug|Any CPU
		{A46B1E3F-F67A-4CBD-8A8D-11DC1A67C424}.Debug|Any CPU.Build.0 = Debug|Any CPU
		{A46B1E3F-F67A-4CBD-8A8D-11DC1A67C424}.Debug|x86.ActiveCfg = Debug|x86
		{A46B1E3F-F67A-4CBD-8A8D-11DC1A67C424}.Debug|x86.Build.0 = Debug|x86
		{A46B1E3F-F67A-4CBD-8A8D-11DC1A67C424}.Release|Any CPU.ActiveCfg = Release|Any CPU
		{A46B1E3F-F67A-4CBD-8A8D-11DC1A67C424}.Release|Any CPU.Build.0 = Release|Any CPU
		{A46B1E3F-F67A-4CBD-8A8D-11DC1A67C424}.Release|x86.ActiveCfg = Release|Any CPU
		{A46B1E3F-F67A-4CBD-8A8D-11DC1A67C424}.Release|x86.Build.0 = Release|Any CPU
	EndGlobalSection
	GlobalSection(SolutionProperties) = preSolution
		HideSolutionNode = FALSE
	EndGlobalSection
	GlobalSection(ExtensibilityGlobals) = postSolution
		SolutionGuid = {0DFB8148-EB76-4B67-BAB1-72F83300FA4F}
	EndGlobalSection
EndGlobal
